
Microsoft Visual Studio Solution File, Format Version 12.00
# Visual Studio Version 17
VisualStudioVersion = 17.5.33530.505
MinimumVisualStudioVersion = 10.0.40219.1
Project("{8BC9CEB8-8B4A-11D0-8D11-00A0C91BC942}") = "Ex_1_01_HelloWorld", "Ex_1_01_HelloWorld\Ex_1_01_HelloWorld.vcxproj", "{8FC3130E-6B54-4C52-B06A-18AA49A91B77}"
EndProject
Project("{8BC9CEB8-8B4A-11D0-8D11-00A0C91BC942}") = "Ex_1_02_Printf", "Ex_1_02_Printf\Ex_1_2_Printf.vcxproj", "{F7357A00-0947-4D6A-A612-41B33B5CD74A}"
EndProject
Project("{8BC9CEB8-8B4A-11D0-8D11-00A0C91BC942}") = "Ex_1_03_TemperatureConvertionProgram", "Ex_1_03_TemperatureConvertionProgram\Ex_1_3_TemperatureConvertionProgram.vcxproj", "{9260EC1D-66E9-44C9-BD53-EF3FE79EBBC9}"
EndProject
Project("{8BC9CEB8-8B4A-11D0-8D11-00A0C91BC942}") = "Ex_1_04_CelsiusToFehrenheit", "Ex_1_04_CelsiusToFehrenheit\Ex_1_4_CelsiusToFehrenheit.vcxproj", "{58069ADE-5E79-47F9-96CF-C0CEC2CD6805}"
EndProject
Project("{8BC9CEB8-8B4A-11D0-8D11-00A0C91BC942}") = "Ex_1_05_ReversedConvertionProgram", "Ex_1_05_ReversedConvertionProgram\Ex_1_5_ReversedConvertionProgram.vcxproj", "{DAAAF1FB-8CDF-4B5D-9F28-59735B0D7DE1}"
EndProject
Project("{8BC9CEB8-8B4A-11D0-8D11-00A0C91BC942}") = "Ex_1_06_EOF", "Ex_1_06_EOF\Ex_1_6_EOF.vcxproj", "{D182EFB2-14A9-41C9-B201-CDA4C2F6847D}"
EndProject
Project("{8BC9CEB8-8B4A-11D0-8D11-00A0C91BC942}") = "Ex_1_07_EOFValue", "Ex_1_07_EOFValue\Ex_1_7_EOFValue.vcxproj", "{4A2B97A6-D8EC-4181-AD0B-A303775E93A5}"
EndProject
Project("{8BC9CEB8-8B4A-11D0-8D11-00A0C91BC942}") = "Ex_1_08_WhiteSpaceCounter", "Ex_1_08_WhiteSpaceCounter\Ex_1_8_WhiteSpaceCounter.vcxproj", "{F30BF229-D149-464A-B99F-43BE3E78ECDB}"
EndProject
Project("{8BC9CEB8-8B4A-11D0-8D11-00A0C91BC942}") = "Ex_1_09_BlankShorter", "Ex_1_09_BlankShorter\Ex_1_9_BlankShorter.vcxproj", "{520B2815-E1D7-4BCF-A9BB-E97778C15BF8}"
EndProject
Project("{8BC9CEB8-8B4A-11D0-8D11-00A0C91BC942}") = "Ex_1_10_BlackHighLighter", "Ex_1_10_BlackHighLighter\Ex_1_10_BlackHighLighter.vcxproj", "{59275CC5-FAFC-45FB-A1FD-786EA93B6BD8}"
EndProject
Project("{8BC9CEB8-8B4A-11D0-8D11-00A0C91BC942}") = "Ex_1_11_WordCounter", "Ex_1_11_WordCounter\Ex_1_11_WordCounter.vcxproj", "{AB270736-F92B-40A2-B0D2-80D1EDCC869C}"
EndProject
Project("{8BC9CEB8-8B4A-11D0-8D11-00A0C91BC942}") = "Ex_1_12_OneWordPerLine", "Ex_1_12_OneWordPerLine\Ex_1_12_OneWordPerLine.vcxproj", "{D6328222-CCEF-4FCD-B3B6-660E723A5DDA}"
EndProject
Project("{8BC9CEB8-8B4A-11D0-8D11-00A0C91BC942}") = "A_General", "A_General\A_General.vcxproj", "{DFBBB9FC-05FE-41D4-91E7-7031542D8AFF}"
EndProject
Project("{8BC9CEB8-8B4A-11D0-8D11-00A0C91BC942}") = "Ex_1_13_WordsLengthHistogram", "Ex_1_13_WordsLengthHistogram\Ex_1_13_WordsLengthHistogram.vcxproj", "{FA4FFB0F-721C-4598-825F-F7F385040704}"
EndProject
Project("{8BC9CEB8-8B4A-11D0-8D11-00A0C91BC942}") = "Ex_1_14_CharsCountHistogram", "Ex_1_14_CharsCountHistogram\Ex_1_14_CharsCountHistogram.vcxproj", "{04CB24FA-ABC0-4711-AFD3-67897B0F8209}"
EndProject
Project("{8BC9CEB8-8B4A-11D0-8D11-00A0C91BC942}") = "Ex_1_15_TemperatureConverterUsingFunc", "Ex_1_15_TemperatureConverterUsingFunc\Ex_1_15_TemperatureConverterUsingFunc.vcxproj", "{6C3E1CF5-5952-43AC-9637-9E43BA6E5E9D}"
EndProject
Project("{8BC9CEB8-8B4A-11D0-8D11-00A0C91BC942}") = "Ex_1_16_LongestLineReader", "Ex_1_16_LongestLineReader\Ex_1_16_LongestLineReader.vcxproj", "{B67B8AE6-C120-4BEB-AE74-608B7C9A23CB}"
EndProject
Project("{8BC9CEB8-8B4A-11D0-8D11-00A0C91BC942}") = "Ex_1_17_LineOver80", "Ex_1_17_LineOver80\Ex_1_17_LineOver80.vcxproj", "{FCEEC2DA-C628-4DBC-9192-DB776AC9FFF8}"
EndProject
Project("{8BC9CEB8-8B4A-11D0-8D11-00A0C91BC942}") = "Ex_1_19_ReverseLines", "Ex_1_19_ReverseLines\Ex_1_19_ReverseLines.vcxproj", "{062AE9E6-340D-4C45-BCAE-6F27C9E2B115}"
EndProject
Project("{8BC9CEB8-8B4A-11D0-8D11-00A0C91BC942}") = "Ex_1_20_detab", "Ex_1_20_detab\Ex_1_20_detab.vcxproj", "{BE78DE5B-47D3-496A-ACE3-CED8614DC61F}"
EndProject
Project("{8BC9CEB8-8B4A-11D0-8D11-00A0C91BC942}") = "Ex_1_21_entab", "Ex_1_21_entab\Ex_1_21_entab.vcxproj", "{65EC22D8-E8C0-4932-B6C0-822E159E2F19}"
EndProject
Project("{8BC9CEB8-8B4A-11D0-8D11-00A0C91BC942}") = "Ex_1_22_LineLengthLimit", "Ex_1_22_LineLengthLimit\Ex_1_22_LineLengthLimit.vcxproj", "{F29CE1FD-1F71-47BF-9763-6B5ECF969FB6}"
EndProject
Project("{8BC9CEB8-8B4A-11D0-8D11-00A0C91BC942}") = "Ex_1_23_CommentsRemover", "Ex_1_23_CommentsRemover\Ex_1_23_CommentsRemover.vcxproj", "{2111A564-5F85-4D11-8AFD-EFF3FCB004CC}"
EndProject
Project("{8BC9CEB8-8B4A-11D0-8D11-00A0C91BC942}") = "Ex_1_24_CSyntaxChecker", "Ex_1_24_CSyntaxChecker\Ex_1_24_CSyntaxChecker.vcxproj", "{D48D81C1-99F8-4992-9C6E-2D9F9543ADFF}"
EndProject
Project("{8BC9CEB8-8B4A-11D0-8D11-00A0C91BC942}") = "Ex_2_02_LongestLineWithoutLogicalOperators", "Ex_2_02_LongestLineWithoutLogicalOperators\Ex_2_02_LongestLineWithoutLogicalOperators.vcxproj", "{C2766319-3240-4687-A0F6-3EE6ABB5E58D}"
EndProject
Project("{8BC9CEB8-8B4A-11D0-8D11-00A0C91BC942}") = "Ex_2_03_htoi", "Ex_2_03_htoi\Ex_2_03_htoi.vcxproj", "{FFA30B7F-4F2F-4A34-8EBD-9640D89C6976}"
EndProject
Project("{8BC9CEB8-8B4A-11D0-8D11-00A0C91BC942}") = "Ex_2_01_PrimitivesSizes", "Ex_2_01_PrimitivesSizes\Ex_2_1_PrimitivesSizes.vcxproj", "{6544060A-5998-4A90-BE1E-D973A0D08984}"
EndProject
Project("{8BC9CEB8-8B4A-11D0-8D11-00A0C91BC942}") = "Ex_2_04_SqueezeTwoStrings", "Ex_2_04_SqueezeTwoStrings\Ex_2_04_SqueezeTwoStrings.vcxproj", "{ED91721C-5664-4CA8-8131-FCB23D2E78FF}"
EndProject
Project("{8BC9CEB8-8B4A-11D0-8D11-00A0C91BC942}") = "Ex_2_05_FirstOccurrenceOfChars", "Ex_2_05_FirstOccurrenceOfChars\Ex_2_05_FirstOccurrenceOfChars.vcxproj", "{84579D88-B7DB-4FA0-9FE1-93CF31196518}"
EndProject
Project("{8BC9CEB8-8B4A-11D0-8D11-00A0C91BC942}") = "Ex_2_06_SetBits", "Ex_2_06_SetBits\Ex_2_06_SetBits.vcxproj", "{05DE6782-B134-4ED7-A631-6541ECB181AB}"
EndProject
Global
	GlobalSection(SolutionConfigurationPlatforms) = preSolution
		Debug|x64 = Debug|x64
		Debug|x86 = Debug|x86
		Release|x64 = Release|x64
		Release|x86 = Release|x86
	EndGlobalSection
	GlobalSection(ProjectConfigurationPlatforms) = postSolution
		{8FC3130E-6B54-4C52-B06A-18AA49A91B77}.Debug|x64.ActiveCfg = Debug|x64
		{8FC3130E-6B54-4C52-B06A-18AA49A91B77}.Debug|x64.Build.0 = Debug|x64
		{8FC3130E-6B54-4C52-B06A-18AA49A91B77}.Debug|x86.ActiveCfg = Debug|Win32
		{8FC3130E-6B54-4C52-B06A-18AA49A91B77}.Debug|x86.Build.0 = Debug|Win32
		{8FC3130E-6B54-4C52-B06A-18AA49A91B77}.Release|x64.ActiveCfg = Release|x64
		{8FC3130E-6B54-4C52-B06A-18AA49A91B77}.Release|x64.Build.0 = Release|x64
		{8FC3130E-6B54-4C52-B06A-18AA49A91B77}.Release|x86.ActiveCfg = Release|Win32
		{8FC3130E-6B54-4C52-B06A-18AA49A91B77}.Release|x86.Build.0 = Release|Win32
		{F7357A00-0947-4D6A-A612-41B33B5CD74A}.Debug|x64.ActiveCfg = Debug|x64
		{F7357A00-0947-4D6A-A612-41B33B5CD74A}.Debug|x64.Build.0 = Debug|x64
		{F7357A00-0947-4D6A-A612-41B33B5CD74A}.Debug|x86.ActiveCfg = Debug|Win32
		{F7357A00-0947-4D6A-A612-41B33B5CD74A}.Debug|x86.Build.0 = Debug|Win32
		{F7357A00-0947-4D6A-A612-41B33B5CD74A}.Release|x64.ActiveCfg = Release|x64
		{F7357A00-0947-4D6A-A612-41B33B5CD74A}.Release|x64.Build.0 = Release|x64
		{F7357A00-0947-4D6A-A612-41B33B5CD74A}.Release|x86.ActiveCfg = Release|Win32
		{F7357A00-0947-4D6A-A612-41B33B5CD74A}.Release|x86.Build.0 = Release|Win32
		{9260EC1D-66E9-44C9-BD53-EF3FE79EBBC9}.Debug|x64.ActiveCfg = Debug|x64
		{9260EC1D-66E9-44C9-BD53-EF3FE79EBBC9}.Debug|x64.Build.0 = Debug|x64
		{9260EC1D-66E9-44C9-BD53-EF3FE79EBBC9}.Debug|x86.ActiveCfg = Debug|Win32
		{9260EC1D-66E9-44C9-BD53-EF3FE79EBBC9}.Debug|x86.Build.0 = Debug|Win32
		{9260EC1D-66E9-44C9-BD53-EF3FE79EBBC9}.Release|x64.ActiveCfg = Release|x64
		{9260EC1D-66E9-44C9-BD53-EF3FE79EBBC9}.Release|x64.Build.0 = Release|x64
		{9260EC1D-66E9-44C9-BD53-EF3FE79EBBC9}.Release|x86.ActiveCfg = Release|Win32
		{9260EC1D-66E9-44C9-BD53-EF3FE79EBBC9}.Release|x86.Build.0 = Release|Win32
		{58069ADE-5E79-47F9-96CF-C0CEC2CD6805}.Debug|x64.ActiveCfg = Debug|x64
		{58069ADE-5E79-47F9-96CF-C0CEC2CD6805}.Debug|x64.Build.0 = Debug|x64
		{58069ADE-5E79-47F9-96CF-C0CEC2CD6805}.Debug|x86.ActiveCfg = Debug|Win32
		{58069ADE-5E79-47F9-96CF-C0CEC2CD6805}.Debug|x86.Build.0 = Debug|Win32
		{58069ADE-5E79-47F9-96CF-C0CEC2CD6805}.Release|x64.ActiveCfg = Release|x64
		{58069ADE-5E79-47F9-96CF-C0CEC2CD6805}.Release|x64.Build.0 = Release|x64
		{58069ADE-5E79-47F9-96CF-C0CEC2CD6805}.Release|x86.ActiveCfg = Release|Win32
		{58069ADE-5E79-47F9-96CF-C0CEC2CD6805}.Release|x86.Build.0 = Release|Win32
		{DAAAF1FB-8CDF-4B5D-9F28-59735B0D7DE1}.Debug|x64.ActiveCfg = Debug|x64
		{DAAAF1FB-8CDF-4B5D-9F28-59735B0D7DE1}.Debug|x64.Build.0 = Debug|x64
		{DAAAF1FB-8CDF-4B5D-9F28-59735B0D7DE1}.Debug|x86.ActiveCfg = Debug|Win32
		{DAAAF1FB-8CDF-4B5D-9F28-59735B0D7DE1}.Debug|x86.Build.0 = Debug|Win32
		{DAAAF1FB-8CDF-4B5D-9F28-59735B0D7DE1}.Release|x64.ActiveCfg = Release|x64
		{DAAAF1FB-8CDF-4B5D-9F28-59735B0D7DE1}.Release|x64.Build.0 = Release|x64
		{DAAAF1FB-8CDF-4B5D-9F28-59735B0D7DE1}.Release|x86.ActiveCfg = Release|Win32
		{DAAAF1FB-8CDF-4B5D-9F28-59735B0D7DE1}.Release|x86.Build.0 = Release|Win32
		{D182EFB2-14A9-41C9-B201-CDA4C2F6847D}.Debug|x64.ActiveCfg = Debug|x64
		{D182EFB2-14A9-41C9-B201-CDA4C2F6847D}.Debug|x64.Build.0 = Debug|x64
		{D182EFB2-14A9-41C9-B201-CDA4C2F6847D}.Debug|x86.ActiveCfg = Debug|Win32
		{D182EFB2-14A9-41C9-B201-CDA4C2F6847D}.Debug|x86.Build.0 = Debug|Win32
		{D182EFB2-14A9-41C9-B201-CDA4C2F6847D}.Release|x64.ActiveCfg = Release|x64
		{D182EFB2-14A9-41C9-B201-CDA4C2F6847D}.Release|x64.Build.0 = Release|x64
		{D182EFB2-14A9-41C9-B201-CDA4C2F6847D}.Release|x86.ActiveCfg = Release|Win32
		{D182EFB2-14A9-41C9-B201-CDA4C2F6847D}.Release|x86.Build.0 = Release|Win32
		{4A2B97A6-D8EC-4181-AD0B-A303775E93A5}.Debug|x64.ActiveCfg = Debug|x64
		{4A2B97A6-D8EC-4181-AD0B-A303775E93A5}.Debug|x64.Build.0 = Debug|x64
		{4A2B97A6-D8EC-4181-AD0B-A303775E93A5}.Debug|x86.ActiveCfg = Debug|Win32
		{4A2B97A6-D8EC-4181-AD0B-A303775E93A5}.Debug|x86.Build.0 = Debug|Win32
		{4A2B97A6-D8EC-4181-AD0B-A303775E93A5}.Release|x64.ActiveCfg = Release|x64
		{4A2B97A6-D8EC-4181-AD0B-A303775E93A5}.Release|x64.Build.0 = Release|x64
		{4A2B97A6-D8EC-4181-AD0B-A303775E93A5}.Release|x86.ActiveCfg = Release|Win32
		{4A2B97A6-D8EC-4181-AD0B-A303775E93A5}.Release|x86.Build.0 = Release|Win32
		{F30BF229-D149-464A-B99F-43BE3E78ECDB}.Debug|x64.ActiveCfg = Debug|x64
		{F30BF229-D149-464A-B99F-43BE3E78ECDB}.Debug|x64.Build.0 = Debug|x64
		{F30BF229-D149-464A-B99F-43BE3E78ECDB}.Debug|x86.ActiveCfg = Debug|Win32
		{F30BF229-D149-464A-B99F-43BE3E78ECDB}.Debug|x86.Build.0 = Debug|Win32
		{F30BF229-D149-464A-B99F-43BE3E78ECDB}.Release|x64.ActiveCfg = Release|x64
		{F30BF229-D149-464A-B99F-43BE3E78ECDB}.Release|x64.Build.0 = Release|x64
		{F30BF229-D149-464A-B99F-43BE3E78ECDB}.Release|x86.ActiveCfg = Release|Win32
		{F30BF229-D149-464A-B99F-43BE3E78ECDB}.Release|x86.Build.0 = Release|Win32
		{520B2815-E1D7-4BCF-A9BB-E97778C15BF8}.Debug|x64.ActiveCfg = Debug|x64
		{520B2815-E1D7-4BCF-A9BB-E97778C15BF8}.Debug|x64.Build.0 = Debug|x64
		{520B2815-E1D7-4BCF-A9BB-E97778C15BF8}.Debug|x86.ActiveCfg = Debug|Win32
		{520B2815-E1D7-4BCF-A9BB-E97778C15BF8}.Debug|x86.Build.0 = Debug|Win32
		{520B2815-E1D7-4BCF-A9BB-E97778C15BF8}.Release|x64.ActiveCfg = Release|x64
		{520B2815-E1D7-4BCF-A9BB-E97778C15BF8}.Release|x64.Build.0 = Release|x64
		{520B2815-E1D7-4BCF-A9BB-E97778C15BF8}.Release|x86.ActiveCfg = Release|Win32
		{520B2815-E1D7-4BCF-A9BB-E97778C15BF8}.Release|x86.Build.0 = Release|Win32
		{59275CC5-FAFC-45FB-A1FD-786EA93B6BD8}.Debug|x64.ActiveCfg = Debug|x64
		{59275CC5-FAFC-45FB-A1FD-786EA93B6BD8}.Debug|x64.Build.0 = Debug|x64
		{59275CC5-FAFC-45FB-A1FD-786EA93B6BD8}.Debug|x86.ActiveCfg = Debug|Win32
		{59275CC5-FAFC-45FB-A1FD-786EA93B6BD8}.Debug|x86.Build.0 = Debug|Win32
		{59275CC5-FAFC-45FB-A1FD-786EA93B6BD8}.Release|x64.ActiveCfg = Release|x64
		{59275CC5-FAFC-45FB-A1FD-786EA93B6BD8}.Release|x64.Build.0 = Release|x64
		{59275CC5-FAFC-45FB-A1FD-786EA93B6BD8}.Release|x86.ActiveCfg = Release|Win32
		{59275CC5-FAFC-45FB-A1FD-786EA93B6BD8}.Release|x86.Build.0 = Release|Win32
		{AB270736-F92B-40A2-B0D2-80D1EDCC869C}.Debug|x64.ActiveCfg = Debug|x64
		{AB270736-F92B-40A2-B0D2-80D1EDCC869C}.Debug|x64.Build.0 = Debug|x64
		{AB270736-F92B-40A2-B0D2-80D1EDCC869C}.Debug|x86.ActiveCfg = Debug|Win32
		{AB270736-F92B-40A2-B0D2-80D1EDCC869C}.Debug|x86.Build.0 = Debug|Win32
		{AB270736-F92B-40A2-B0D2-80D1EDCC869C}.Release|x64.ActiveCfg = Release|x64
		{AB270736-F92B-40A2-B0D2-80D1EDCC869C}.Release|x64.Build.0 = Release|x64
		{AB270736-F92B-40A2-B0D2-80D1EDCC869C}.Release|x86.ActiveCfg = Release|Win32
		{AB270736-F92B-40A2-B0D2-80D1EDCC869C}.Release|x86.Build.0 = Release|Win32
		{D6328222-CCEF-4FCD-B3B6-660E723A5DDA}.Debug|x64.ActiveCfg = Debug|x64
		{D6328222-CCEF-4FCD-B3B6-660E723A5DDA}.Debug|x64.Build.0 = Debug|x64
		{D6328222-CCEF-4FCD-B3B6-660E723A5DDA}.Debug|x86.ActiveCfg = Debug|Win32
		{D6328222-CCEF-4FCD-B3B6-660E723A5DDA}.Debug|x86.Build.0 = Debug|Win32
		{D6328222-CCEF-4FCD-B3B6-660E723A5DDA}.Release|x64.ActiveCfg = Release|x64
		{D6328222-CCEF-4FCD-B3B6-660E723A5DDA}.Release|x64.Build.0 = Release|x64
		{D6328222-CCEF-4FCD-B3B6-660E723A5DDA}.Release|x86.ActiveCfg = Release|Win32
		{D6328222-CCEF-4FCD-B3B6-660E723A5DDA}.Release|x86.Build.0 = Release|Win32
		{DFBBB9FC-05FE-41D4-91E7-7031542D8AFF}.Debug|x64.ActiveCfg = Debug|x64
		{DFBBB9FC-05FE-41D4-91E7-7031542D8AFF}.Debug|x64.Build.0 = Debug|x64
		{DFBBB9FC-05FE-41D4-91E7-7031542D8AFF}.Debug|x86.ActiveCfg = Debug|Win32
		{DFBBB9FC-05FE-41D4-91E7-7031542D8AFF}.Debug|x86.Build.0 = Debug|Win32
		{DFBBB9FC-05FE-41D4-91E7-7031542D8AFF}.Release|x64.ActiveCfg = Release|x64
		{DFBBB9FC-05FE-41D4-91E7-7031542D8AFF}.Release|x64.Build.0 = Release|x64
		{DFBBB9FC-05FE-41D4-91E7-7031542D8AFF}.Release|x86.ActiveCfg = Release|Win32
		{DFBBB9FC-05FE-41D4-91E7-7031542D8AFF}.Release|x86.Build.0 = Release|Win32
		{FA4FFB0F-721C-4598-825F-F7F385040704}.Debug|x64.ActiveCfg = Debug|x64
		{FA4FFB0F-721C-4598-825F-F7F385040704}.Debug|x64.Build.0 = Debug|x64
		{FA4FFB0F-721C-4598-825F-F7F385040704}.Debug|x86.ActiveCfg = Debug|Win32
		{FA4FFB0F-721C-4598-825F-F7F385040704}.Debug|x86.Build.0 = Debug|Win32
		{FA4FFB0F-721C-4598-825F-F7F385040704}.Release|x64.ActiveCfg = Release|x64
		{FA4FFB0F-721C-4598-825F-F7F385040704}.Release|x64.Build.0 = Release|x64
		{FA4FFB0F-721C-4598-825F-F7F385040704}.Release|x86.ActiveCfg = Release|Win32
		{FA4FFB0F-721C-4598-825F-F7F385040704}.Release|x86.Build.0 = Release|Win32
		{04CB24FA-ABC0-4711-AFD3-67897B0F8209}.Debug|x64.ActiveCfg = Debug|x64
		{04CB24FA-ABC0-4711-AFD3-67897B0F8209}.Debug|x64.Build.0 = Debug|x64
		{04CB24FA-ABC0-4711-AFD3-67897B0F8209}.Debug|x86.ActiveCfg = Debug|Win32
		{04CB24FA-ABC0-4711-AFD3-67897B0F8209}.Debug|x86.Build.0 = Debug|Win32
		{04CB24FA-ABC0-4711-AFD3-67897B0F8209}.Release|x64.ActiveCfg = Release|x64
		{04CB24FA-ABC0-4711-AFD3-67897B0F8209}.Release|x64.Build.0 = Release|x64
		{04CB24FA-ABC0-4711-AFD3-67897B0F8209}.Release|x86.ActiveCfg = Release|Win32
		{04CB24FA-ABC0-4711-AFD3-67897B0F8209}.Release|x86.Build.0 = Release|Win32
		{6C3E1CF5-5952-43AC-9637-9E43BA6E5E9D}.Debug|x64.ActiveCfg = Debug|x64
		{6C3E1CF5-5952-43AC-9637-9E43BA6E5E9D}.Debug|x64.Build.0 = Debug|x64
		{6C3E1CF5-5952-43AC-9637-9E43BA6E5E9D}.Debug|x86.ActiveCfg = Debug|Win32
		{6C3E1CF5-5952-43AC-9637-9E43BA6E5E9D}.Debug|x86.Build.0 = Debug|Win32
		{6C3E1CF5-5952-43AC-9637-9E43BA6E5E9D}.Release|x64.ActiveCfg = Release|x64
		{6C3E1CF5-5952-43AC-9637-9E43BA6E5E9D}.Release|x64.Build.0 = Release|x64
		{6C3E1CF5-5952-43AC-9637-9E43BA6E5E9D}.Release|x86.ActiveCfg = Release|Win32
		{6C3E1CF5-5952-43AC-9637-9E43BA6E5E9D}.Release|x86.Build.0 = Release|Win32
		{B67B8AE6-C120-4BEB-AE74-608B7C9A23CB}.Debug|x64.ActiveCfg = Debug|x64
		{B67B8AE6-C120-4BEB-AE74-608B7C9A23CB}.Debug|x64.Build.0 = Debug|x64
		{B67B8AE6-C120-4BEB-AE74-608B7C9A23CB}.Debug|x86.ActiveCfg = Debug|Win32
		{B67B8AE6-C120-4BEB-AE74-608B7C9A23CB}.Debug|x86.Build.0 = Debug|Win32
		{B67B8AE6-C120-4BEB-AE74-608B7C9A23CB}.Release|x64.ActiveCfg = Release|x64
		{B67B8AE6-C120-4BEB-AE74-608B7C9A23CB}.Release|x64.Build.0 = Release|x64
		{B67B8AE6-C120-4BEB-AE74-608B7C9A23CB}.Release|x86.ActiveCfg = Release|Win32
		{B67B8AE6-C120-4BEB-AE74-608B7C9A23CB}.Release|x86.Build.0 = Release|Win32
		{FCEEC2DA-C628-4DBC-9192-DB776AC9FFF8}.Debug|x64.ActiveCfg = Debug|x64
		{FCEEC2DA-C628-4DBC-9192-DB776AC9FFF8}.Debug|x64.Build.0 = Debug|x64
		{FCEEC2DA-C628-4DBC-9192-DB776AC9FFF8}.Debug|x86.ActiveCfg = Debug|Win32
		{FCEEC2DA-C628-4DBC-9192-DB776AC9FFF8}.Debug|x86.Build.0 = Debug|Win32
		{FCEEC2DA-C628-4DBC-9192-DB776AC9FFF8}.Release|x64.ActiveCfg = Release|x64
		{FCEEC2DA-C628-4DBC-9192-DB776AC9FFF8}.Release|x64.Build.0 = Release|x64
		{FCEEC2DA-C628-4DBC-9192-DB776AC9FFF8}.Release|x86.ActiveCfg = Release|Win32
		{FCEEC2DA-C628-4DBC-9192-DB776AC9FFF8}.Release|x86.Build.0 = Release|Win32
		{062AE9E6-340D-4C45-BCAE-6F27C9E2B115}.Debug|x64.ActiveCfg = Debug|x64
		{062AE9E6-340D-4C45-BCAE-6F27C9E2B115}.Debug|x64.Build.0 = Debug|x64
		{062AE9E6-340D-4C45-BCAE-6F27C9E2B115}.Debug|x86.ActiveCfg = Debug|Win32
		{062AE9E6-340D-4C45-BCAE-6F27C9E2B115}.Debug|x86.Build.0 = Debug|Win32
		{062AE9E6-340D-4C45-BCAE-6F27C9E2B115}.Release|x64.ActiveCfg = Release|x64
		{062AE9E6-340D-4C45-BCAE-6F27C9E2B115}.Release|x64.Build.0 = Release|x64
		{062AE9E6-340D-4C45-BCAE-6F27C9E2B115}.Release|x86.ActiveCfg = Release|Win32
		{062AE9E6-340D-4C45-BCAE-6F27C9E2B115}.Release|x86.Build.0 = Release|Win32
		{BE78DE5B-47D3-496A-ACE3-CED8614DC61F}.Debug|x64.ActiveCfg = Debug|x64
		{BE78DE5B-47D3-496A-ACE3-CED8614DC61F}.Debug|x64.Build.0 = Debug|x64
		{BE78DE5B-47D3-496A-ACE3-CED8614DC61F}.Debug|x86.ActiveCfg = Debug|Win32
		{BE78DE5B-47D3-496A-ACE3-CED8614DC61F}.Debug|x86.Build.0 = Debug|Win32
		{BE78DE5B-47D3-496A-ACE3-CED8614DC61F}.Release|x64.ActiveCfg = Release|x64
		{BE78DE5B-47D3-496A-ACE3-CED8614DC61F}.Release|x64.Build.0 = Release|x64
		{BE78DE5B-47D3-496A-ACE3-CED8614DC61F}.Release|x86.ActiveCfg = Release|Win32
		{BE78DE5B-47D3-496A-ACE3-CED8614DC61F}.Release|x86.Build.0 = Release|Win32
		{65EC22D8-E8C0-4932-B6C0-822E159E2F19}.Debug|x64.ActiveCfg = Debug|x64
		{65EC22D8-E8C0-4932-B6C0-822E159E2F19}.Debug|x64.Build.0 = Debug|x64
		{65EC22D8-E8C0-4932-B6C0-822E159E2F19}.Debug|x86.ActiveCfg = Debug|Win32
		{65EC22D8-E8C0-4932-B6C0-822E159E2F19}.Debug|x86.Build.0 = Debug|Win32
		{65EC22D8-E8C0-4932-B6C0-822E159E2F19}.Release|x64.ActiveCfg = Release|x64
		{65EC22D8-E8C0-4932-B6C0-822E159E2F19}.Release|x64.Build.0 = Release|x64
		{65EC22D8-E8C0-4932-B6C0-822E159E2F19}.Release|x86.ActiveCfg = Release|Win32
		{65EC22D8-E8C0-4932-B6C0-822E159E2F19}.Release|x86.Build.0 = Release|Win32
		{F29CE1FD-1F71-47BF-9763-6B5ECF969FB6}.Debug|x64.ActiveCfg = Debug|x64
		{F29CE1FD-1F71-47BF-9763-6B5ECF969FB6}.Debug|x64.Build.0 = Debug|x64
		{F29CE1FD-1F71-47BF-9763-6B5ECF969FB6}.Debug|x86.ActiveCfg = Debug|Win32
		{F29CE1FD-1F71-47BF-9763-6B5ECF969FB6}.Debug|x86.Build.0 = Debug|Win32
		{F29CE1FD-1F71-47BF-9763-6B5ECF969FB6}.Release|x64.ActiveCfg = Release|x64
		{F29CE1FD-1F71-47BF-9763-6B5ECF969FB6}.Release|x64.Build.0 = Release|x64
		{F29CE1FD-1F71-47BF-9763-6B5ECF969FB6}.Release|x86.ActiveCfg = Release|Win32
		{F29CE1FD-1F71-47BF-9763-6B5ECF969FB6}.Release|x86.Build.0 = Release|Win32
		{2111A564-5F85-4D11-8AFD-EFF3FCB004CC}.Debug|x64.ActiveCfg = Debug|x64
		{2111A564-5F85-4D11-8AFD-EFF3FCB004CC}.Debug|x64.Build.0 = Debug|x64
		{2111A564-5F85-4D11-8AFD-EFF3FCB004CC}.Debug|x86.ActiveCfg = Debug|Win32
		{2111A564-5F85-4D11-8AFD-EFF3FCB004CC}.Debug|x86.Build.0 = Debug|Win32
		{2111A564-5F85-4D11-8AFD-EFF3FCB004CC}.Release|x64.ActiveCfg = Release|x64
		{2111A564-5F85-4D11-8AFD-EFF3FCB004CC}.Release|x64.Build.0 = Release|x64
		{2111A564-5F85-4D11-8AFD-EFF3FCB004CC}.Release|x86.ActiveCfg = Release|Win32
		{2111A564-5F85-4D11-8AFD-EFF3FCB004CC}.Release|x86.Build.0 = Release|Win32
		{D48D81C1-99F8-4992-9C6E-2D9F9543ADFF}.Debug|x64.ActiveCfg = Debug|x64
		{D48D81C1-99F8-4992-9C6E-2D9F9543ADFF}.Debug|x64.Build.0 = Debug|x64
		{D48D81C1-99F8-4992-9C6E-2D9F9543ADFF}.Debug|x86.ActiveCfg = Debug|Win32
		{D48D81C1-99F8-4992-9C6E-2D9F9543ADFF}.Debug|x86.Build.0 = Debug|Win32
		{D48D81C1-99F8-4992-9C6E-2D9F9543ADFF}.Release|x64.ActiveCfg = Release|x64
		{D48D81C1-99F8-4992-9C6E-2D9F9543ADFF}.Release|x64.Build.0 = Release|x64
		{D48D81C1-99F8-4992-9C6E-2D9F9543ADFF}.Release|x86.ActiveCfg = Release|Win32
		{D48D81C1-99F8-4992-9C6E-2D9F9543ADFF}.Release|x86.Build.0 = Release|Win32
		{C2766319-3240-4687-A0F6-3EE6ABB5E58D}.Debug|x64.ActiveCfg = Debug|x64
		{C2766319-3240-4687-A0F6-3EE6ABB5E58D}.Debug|x64.Build.0 = Debug|x64
		{C2766319-3240-4687-A0F6-3EE6ABB5E58D}.Debug|x86.ActiveCfg = Debug|Win32
		{C2766319-3240-4687-A0F6-3EE6ABB5E58D}.Debug|x86.Build.0 = Debug|Win32
		{C2766319-3240-4687-A0F6-3EE6ABB5E58D}.Release|x64.ActiveCfg = Release|x64
		{C2766319-3240-4687-A0F6-3EE6ABB5E58D}.Release|x64.Build.0 = Release|x64
		{C2766319-3240-4687-A0F6-3EE6ABB5E58D}.Release|x86.ActiveCfg = Release|Win32
		{C2766319-3240-4687-A0F6-3EE6ABB5E58D}.Release|x86.Build.0 = Release|Win32
		{FFA30B7F-4F2F-4A34-8EBD-9640D89C6976}.Debug|x64.ActiveCfg = Debug|x64
		{FFA30B7F-4F2F-4A34-8EBD-9640D89C6976}.Debug|x64.Build.0 = Debug|x64
		{FFA30B7F-4F2F-4A34-8EBD-9640D89C6976}.Debug|x86.ActiveCfg = Debug|Win32
		{FFA30B7F-4F2F-4A34-8EBD-9640D89C6976}.Debug|x86.Build.0 = Debug|Win32
		{FFA30B7F-4F2F-4A34-8EBD-9640D89C6976}.Release|x64.ActiveCfg = Release|x64
		{FFA30B7F-4F2F-4A34-8EBD-9640D89C6976}.Release|x64.Build.0 = Release|x64
		{FFA30B7F-4F2F-4A34-8EBD-9640D89C6976}.Release|x86.ActiveCfg = Release|Win32
		{FFA30B7F-4F2F-4A34-8EBD-9640D89C6976}.Release|x86.Build.0 = Release|Win32
		{6544060A-5998-4A90-BE1E-D973A0D08984}.Debug|x64.ActiveCfg = Debug|x64
		{6544060A-5998-4A90-BE1E-D973A0D08984}.Debug|x64.Build.0 = Debug|x64
		{6544060A-5998-4A90-BE1E-D973A0D08984}.Debug|x86.ActiveCfg = Debug|Win32
		{6544060A-5998-4A90-BE1E-D973A0D08984}.Debug|x86.Build.0 = Debug|Win32
		{6544060A-5998-4A90-BE1E-D973A0D08984}.Release|x64.ActiveCfg = Release|x64
		{6544060A-5998-4A90-BE1E-D973A0D08984}.Release|x64.Build.0 = Release|x64
		{6544060A-5998-4A90-BE1E-D973A0D08984}.Release|x86.ActiveCfg = Release|Win32
		{6544060A-5998-4A90-BE1E-D973A0D08984}.Release|x86.Build.0 = Release|Win32
		{ED91721C-5664-4CA8-8131-FCB23D2E78FF}.Debug|x64.ActiveCfg = Debug|x64
		{ED91721C-5664-4CA8-8131-FCB23D2E78FF}.Debug|x64.Build.0 = Debug|x64
		{ED91721C-5664-4CA8-8131-FCB23D2E78FF}.Debug|x86.ActiveCfg = Debug|Win32
		{ED91721C-5664-4CA8-8131-FCB23D2E78FF}.Debug|x86.Build.0 = Debug|Win32
		{ED91721C-5664-4CA8-8131-FCB23D2E78FF}.Release|x64.ActiveCfg = Release|x64
		{ED91721C-5664-4CA8-8131-FCB23D2E78FF}.Release|x64.Build.0 = Release|x64
		{ED91721C-5664-4CA8-8131-FCB23D2E78FF}.Release|x86.ActiveCfg = Release|Win32
		{ED91721C-5664-4CA8-8131-FCB23D2E78FF}.Release|x86.Build.0 = Release|Win32
		{84579D88-B7DB-4FA0-9FE1-93CF31196518}.Debug|x64.ActiveCfg = Debug|x64
		{84579D88-B7DB-4FA0-9FE1-93CF31196518}.Debug|x64.Build.0 = Debug|x64
		{84579D88-B7DB-4FA0-9FE1-93CF31196518}.Debug|x86.ActiveCfg = Debug|Win32
		{84579D88-B7DB-4FA0-9FE1-93CF31196518}.Debug|x86.Build.0 = Debug|Win32
		{84579D88-B7DB-4FA0-9FE1-93CF31196518}.Release|x64.ActiveCfg = Release|x64
		{84579D88-B7DB-4FA0-9FE1-93CF31196518}.Release|x64.Build.0 = Release|x64
		{84579D88-B7DB-4FA0-9FE1-93CF31196518}.Release|x86.ActiveCfg = Release|Win32
		{84579D88-B7DB-4FA0-9FE1-93CF31196518}.Release|x86.Build.0 = Release|Win32
		{05DE6782-B134-4ED7-A631-6541ECB181AB}.Debug|x64.ActiveCfg = Debug|x64
		{05DE6782-B134-4ED7-A631-6541ECB181AB}.Debug|x64.Build.0 = Debug|x64
		{05DE6782-B134-4ED7-A631-6541ECB181AB}.Debug|x86.ActiveCfg = Debug|Win32
		{05DE6782-B134-4ED7-A631-6541ECB181AB}.Debug|x86.Build.0 = Debug|Win32
		{05DE6782-B134-4ED7-A631-6541ECB181AB}.Release|x64.ActiveCfg = Release|x64
		{05DE6782-B134-4ED7-A631-6541ECB181AB}.Release|x64.Build.0 = Release|x64
		{05DE6782-B134-4ED7-A631-6541ECB181AB}.Release|x86.ActiveCfg = Release|Win32
		{05DE6782-B134-4ED7-A631-6541ECB181AB}.Release|x86.Build.0 = Release|Win32
	EndGlobalSection
	GlobalSection(SolutionProperties) = preSolution
		HideSolutionNode = FALSE
	EndGlobalSection
	GlobalSection(ExtensibilityGlobals) = postSolution
		SolutionGuid = {89D38535-CE73-4C05-95E1-C8BA095E852C}
	EndGlobalSection
EndGlobal
